
Microsoft Visual Studio Solution File, Format Version 12.00
# Visual Studio Version 16
VisualStudioVersion = 16.0.29324.140
MinimumVisualStudioVersion = 10.0.40219.1
Project("{FAE04EC0-301F-11D3-BF4B-00C04F79EFBC}") = "RazorPagesTutorial", "RazorPagesTutorial\RazorPagesTutorial.csproj", "{E0ACD650-614A-42B8-B066-28F1DF9625B9}"
EndProject
Project("{FAE04EC0-301F-11D3-BF4B-00C04F79EFBC}") = "RazorPagesTutorial.Models", "RazorPagesTutorial.Models\RazorPagesTutorial.Models.csproj", "{E09093FD-51F3-4EB8-A277-3AC84C34C3AB}"
EndProject
Project("{FAE04EC0-301F-11D3-BF4B-00C04F79EFBC}") = "RazorPagesTutorial.Services", "RazorPagesTutorial.Services\RazorPagesTutorial.Services.csproj", "{1A6551F2-B655-480F-AACE-C90E2EF20E7C}"
EndProject
Global
	GlobalSection(SolutionConfigurationPlatforms) = preSolution
		Debug|Any CPU = Debug|Any CPU
		Release|Any CPU = Release|Any CPU
	EndGlobalSection
	GlobalSection(ProjectConfigurationPlatforms) = postSolution
		{E0ACD650-614A-42B8-B066-28F1DF9625B9}.Debug|Any CPU.ActiveCfg = Debug|Any CPU
		{E0ACD650-614A-42B8-B066-28F1DF9625B9}.Debug|Any CPU.Build.0 = Debug|Any CPU
		{E0ACD650-614A-42B8-B066-28F1DF9625B9}.Release|Any CPU.ActiveCfg = Release|Any CPU
		{E0ACD650-614A-42B8-B066-28F1DF9625B9}.Release|Any CPU.Build.0 = Release|Any CPU
		{E09093FD-51F3-4EB8-A277-3AC84C34C3AB}.Debug|Any CPU.ActiveCfg = Debug|Any CPU
		{E09093FD-51F3-4EB8-A277-3AC84C34C3AB}.Debug|Any CPU.Build.0 = Debug|Any CPU
		{E09093FD-51F3-4EB8-A277-3AC84C34C3AB}.Release|Any CPU.ActiveCfg = Release|Any CPU
		{E09093FD-51F3-4EB8-A277-3AC84C34C3AB}.Release|Any CPU.Build.0 = Release|Any CPU
		{1A6551F2-B655-480F-AACE-C90E2EF20E7C}.Debug|Any CPU.ActiveCfg = Debug|Any CPU
		{1A6551F2-B655-480F-AACE-C90E2EF20E7C}.Debug|Any CPU.Build.0 = Debug|Any CPU
		{1A6551F2-B655-480F-AACE-C90E2EF20E7C}.Release|Any CPU.ActiveCfg = Release|Any CPU
		{1A6551F2-B655-480F-AACE-C90E2EF20E7C}.Release|Any CPU.Build.0 = Release|Any CPU
	EndGlobalSection
	GlobalSection(SolutionProperties) = preSolution
		HideSolutionNode = FALSE
	EndGlobalSection
	GlobalSection(ExtensibilityGlobals) = postSolution
		SolutionGuid = {4181AFFE-9FA8-4E34-A742-9570C2FFD096}
	EndGlobalSection
EndGlobal
